// !$*UTF8*$!
{
	archiveVersion = 1;
	classes = {
	};
	objectVersion = 46;
	objects = {

/* Begin PBXBuildFile section */
		CABA69791E4398E30085A200 /* AppDelegate.swift in Sources */ = {isa = PBXBuildFile; fileRef = CABA69781E4398E30085A200 /* AppDelegate.swift */; };
		CABA69801E4398E30085A200 /* Assets.xcassets in Resources */ = {isa = PBXBuildFile; fileRef = CABA697F1E4398E30085A200 /* Assets.xcassets */; };
		CABA69831E4398E30085A200 /* LaunchScreen.storyboard in Resources */ = {isa = PBXBuildFile; fileRef = CABA69811E4398E30085A200 /* LaunchScreen.storyboard */; };
		CABA69901E439D450085A200 /* Alamofire.framework in Frameworks */ = {isa = PBXBuildFile; fileRef = CABA698B1E439D450085A200 /* Alamofire.framework */; };
		CABA69911E439D450085A200 /* Hero.framework in Frameworks */ = {isa = PBXBuildFile; fileRef = CABA698C1E439D450085A200 /* Hero.framework */; };
		CABA69921E439D450085A200 /* ObjectMapper.framework in Frameworks */ = {isa = PBXBuildFile; fileRef = CABA698D1E439D450085A200 /* ObjectMapper.framework */; };
		CABA69931E439D450085A200 /* RxCocoa.framework in Frameworks */ = {isa = PBXBuildFile; fileRef = CABA698E1E439D450085A200 /* RxCocoa.framework */; };
		CABA69941E439D450085A200 /* RxSwift.framework in Frameworks */ = {isa = PBXBuildFile; fileRef = CABA698F1E439D450085A200 /* RxSwift.framework */; };
		CAEF499A1E43A93C00FFE3BF /* Landing.storyboard in Resources */ = {isa = PBXBuildFile; fileRef = CAEF49991E43A93C00FFE3BF /* Landing.storyboard */; };
		CAEF499D1E43AC1000FFE3BF /* OraButton.swift in Sources */ = {isa = PBXBuildFile; fileRef = CAEF499C1E43AC1000FFE3BF /* OraButton.swift */; };
		CAEF499F1E43B01000FFE3BF /* LaunchController.swift in Sources */ = {isa = PBXBuildFile; fileRef = CAEF499E1E43B01000FFE3BF /* LaunchController.swift */; };
		CAEF49A11E43B1C800FFE3BF /* LandingController.swift in Sources */ = {isa = PBXBuildFile; fileRef = CAEF49A01E43B1C800FFE3BF /* LandingController.swift */; };
		CAEF49A51E43BB7500FFE3BF /* RegisterController.swift in Sources */ = {isa = PBXBuildFile; fileRef = CAEF49A41E43BB7500FFE3BF /* RegisterController.swift */; };
		CAEF49AB1E43C01100FFE3BF /* Signup.storyboard in Resources */ = {isa = PBXBuildFile; fileRef = CAEF49AA1E43C01100FFE3BF /* Signup.storyboard */; };
		CAEF49AD1E43C08100FFE3BF /* Login.storyboard in Resources */ = {isa = PBXBuildFile; fileRef = CAEF49AC1E43C08100FFE3BF /* Login.storyboard */; };
		CAEF49AF1E43C0DA00FFE3BF /* LoginController.swift in Sources */ = {isa = PBXBuildFile; fileRef = CAEF49AE1E43C0DA00FFE3BF /* LoginController.swift */; };
		CAEF49B11E43C28700FFE3BF /* OraFormField.swift in Sources */ = {isa = PBXBuildFile; fileRef = CAEF49B01E43C28700FFE3BF /* OraFormField.swift */; };
		CAEF49B31E43CB1900FFE3BF /* RegisterViewModel.swift in Sources */ = {isa = PBXBuildFile; fileRef = CAEF49B21E43CB1900FFE3BF /* RegisterViewModel.swift */; };
		CAEF49B51E43CB2D00FFE3BF /* RegisterService.swift in Sources */ = {isa = PBXBuildFile; fileRef = CAEF49B41E43CB2D00FFE3BF /* RegisterService.swift */; };
		CAEF49B71E43DF4500FFE3BF /* Session.swift in Sources */ = {isa = PBXBuildFile; fileRef = CAEF49B61E43DF4500FFE3BF /* Session.swift */; };
		CAEF49B91E43E00000FFE3BF /* User.swift in Sources */ = {isa = PBXBuildFile; fileRef = CAEF49B81E43E00000FFE3BF /* User.swift */; };
		CAEF49BC1E43E45400FFE3BF /* APIBaseResponse.swift in Sources */ = {isa = PBXBuildFile; fileRef = CAEF49BB1E43E45400FFE3BF /* APIBaseResponse.swift */; };
		CAEF49BE1E44104D00FFE3BF /* LoaderView.swift in Sources */ = {isa = PBXBuildFile; fileRef = CAEF49BD1E44104D00FFE3BF /* LoaderView.swift */; };
		CAEF49C11E441A2300FFE3BF /* Home.storyboard in Resources */ = {isa = PBXBuildFile; fileRef = CAEF49C01E441A2300FFE3BF /* Home.storyboard */; };
		CAEF49C31E441C1C00FFE3BF /* Chat.storyboard in Resources */ = {isa = PBXBuildFile; fileRef = CAEF49C21E441C1C00FFE3BF /* Chat.storyboard */; };
		CAEF49C51E441C2D00FFE3BF /* Account.storyboard in Resources */ = {isa = PBXBuildFile; fileRef = CAEF49C41E441C2D00FFE3BF /* Account.storyboard */; };
		CAEF49C91E44281F00FFE3BF /* ChatController.swift in Sources */ = {isa = PBXBuildFile; fileRef = CAEF49C81E44281F00FFE3BF /* ChatController.swift */; };
		CAEF49CB1E44284800FFE3BF /* ChatViewModel.swift in Sources */ = {isa = PBXBuildFile; fileRef = CAEF49CA1E44284800FFE3BF /* ChatViewModel.swift */; };
		CAEF49CD1E44286100FFE3BF /* ChatService.swift in Sources */ = {isa = PBXBuildFile; fileRef = CAEF49CC1E44286100FFE3BF /* ChatService.swift */; };
		CAEF49CF1E44374300FFE3BF /* ChatList.swift in Sources */ = {isa = PBXBuildFile; fileRef = CAEF49CE1E44374300FFE3BF /* ChatList.swift */; };
		CAEF49D11E44C47C00FFE3BF /* ChatCell.swift in Sources */ = {isa = PBXBuildFile; fileRef = CAEF49D01E44C47C00FFE3BF /* ChatCell.swift */; };
/* End PBXBuildFile section */

/* Begin PBXFileReference section */
		CABA69751E4398E30085A200 /* OraCodeChallenge.app */ = {isa = PBXFileReference; explicitFileType = wrapper.application; includeInIndex = 0; path = OraCodeChallenge.app; sourceTree = BUILT_PRODUCTS_DIR; };
		CABA69781E4398E30085A200 /* AppDelegate.swift */ = {isa = PBXFileReference; lastKnownFileType = sourcecode.swift; path = AppDelegate.swift; sourceTree = "<group>"; };
		CABA697F1E4398E30085A200 /* Assets.xcassets */ = {isa = PBXFileReference; lastKnownFileType = folder.assetcatalog; path = Assets.xcassets; sourceTree = "<group>"; };
		CABA69821E4398E30085A200 /* Base */ = {isa = PBXFileReference; lastKnownFileType = file.storyboard; name = Base; path = Base.lproj/LaunchScreen.storyboard; sourceTree = "<group>"; };
		CABA69841E4398E30085A200 /* Info.plist */ = {isa = PBXFileReference; lastKnownFileType = text.plist.xml; path = Info.plist; sourceTree = "<group>"; };
		CABA698B1E439D450085A200 /* Alamofire.framework */ = {isa = PBXFileReference; lastKnownFileType = wrapper.framework; name = Alamofire.framework; path = Carthage/Build/iOS/Alamofire.framework; sourceTree = "<group>"; };
		CABA698C1E439D450085A200 /* Hero.framework */ = {isa = PBXFileReference; lastKnownFileType = wrapper.framework; name = Hero.framework; path = Carthage/Build/iOS/Hero.framework; sourceTree = "<group>"; };
		CABA698D1E439D450085A200 /* ObjectMapper.framework */ = {isa = PBXFileReference; lastKnownFileType = wrapper.framework; name = ObjectMapper.framework; path = Carthage/Build/iOS/ObjectMapper.framework; sourceTree = "<group>"; };
		CABA698E1E439D450085A200 /* RxCocoa.framework */ = {isa = PBXFileReference; lastKnownFileType = wrapper.framework; name = RxCocoa.framework; path = Carthage/Build/iOS/RxCocoa.framework; sourceTree = "<group>"; };
		CABA698F1E439D450085A200 /* RxSwift.framework */ = {isa = PBXFileReference; lastKnownFileType = wrapper.framework; name = RxSwift.framework; path = Carthage/Build/iOS/RxSwift.framework; sourceTree = "<group>"; };
		CAEF49991E43A93C00FFE3BF /* Landing.storyboard */ = {isa = PBXFileReference; fileEncoding = 4; lastKnownFileType = file.storyboard; path = Landing.storyboard; sourceTree = "<group>"; };
		CAEF499C1E43AC1000FFE3BF /* OraButton.swift */ = {isa = PBXFileReference; fileEncoding = 4; lastKnownFileType = sourcecode.swift; path = OraButton.swift; sourceTree = "<group>"; };
		CAEF499E1E43B01000FFE3BF /* LaunchController.swift */ = {isa = PBXFileReference; fileEncoding = 4; lastKnownFileType = sourcecode.swift; path = LaunchController.swift; sourceTree = "<group>"; };
		CAEF49A01E43B1C800FFE3BF /* LandingController.swift */ = {isa = PBXFileReference; fileEncoding = 4; lastKnownFileType = sourcecode.swift; path = LandingController.swift; sourceTree = "<group>"; };
		CAEF49A41E43BB7500FFE3BF /* RegisterController.swift */ = {isa = PBXFileReference; fileEncoding = 4; lastKnownFileType = sourcecode.swift; path = RegisterController.swift; sourceTree = "<group>"; };
		CAEF49AA1E43C01100FFE3BF /* Signup.storyboard */ = {isa = PBXFileReference; fileEncoding = 4; lastKnownFileType = file.storyboard; path = Signup.storyboard; sourceTree = "<group>"; };
		CAEF49AC1E43C08100FFE3BF /* Login.storyboard */ = {isa = PBXFileReference; fileEncoding = 4; lastKnownFileType = file.storyboard; path = Login.storyboard; sourceTree = "<group>"; };
		CAEF49AE1E43C0DA00FFE3BF /* LoginController.swift */ = {isa = PBXFileReference; fileEncoding = 4; lastKnownFileType = sourcecode.swift; path = LoginController.swift; sourceTree = "<group>"; };
		CAEF49B01E43C28700FFE3BF /* OraFormField.swift */ = {isa = PBXFileReference; fileEncoding = 4; lastKnownFileType = sourcecode.swift; path = OraFormField.swift; sourceTree = "<group>"; };
		CAEF49B21E43CB1900FFE3BF /* RegisterViewModel.swift */ = {isa = PBXFileReference; fileEncoding = 4; lastKnownFileType = sourcecode.swift; path = RegisterViewModel.swift; sourceTree = "<group>"; };
		CAEF49B41E43CB2D00FFE3BF /* RegisterService.swift */ = {isa = PBXFileReference; fileEncoding = 4; lastKnownFileType = sourcecode.swift; path = RegisterService.swift; sourceTree = "<group>"; };
		CAEF49B61E43DF4500FFE3BF /* Session.swift */ = {isa = PBXFileReference; fileEncoding = 4; lastKnownFileType = sourcecode.swift; path = Session.swift; sourceTree = "<group>"; };
		CAEF49B81E43E00000FFE3BF /* User.swift */ = {isa = PBXFileReference; fileEncoding = 4; lastKnownFileType = sourcecode.swift; path = User.swift; sourceTree = "<group>"; };
		CAEF49BB1E43E45400FFE3BF /* APIBaseResponse.swift */ = {isa = PBXFileReference; fileEncoding = 4; lastKnownFileType = sourcecode.swift; path = APIBaseResponse.swift; sourceTree = "<group>"; };
		CAEF49BD1E44104D00FFE3BF /* LoaderView.swift */ = {isa = PBXFileReference; fileEncoding = 4; lastKnownFileType = sourcecode.swift; path = LoaderView.swift; sourceTree = "<group>"; };
		CAEF49C01E441A2300FFE3BF /* Home.storyboard */ = {isa = PBXFileReference; fileEncoding = 4; lastKnownFileType = file.storyboard; path = Home.storyboard; sourceTree = "<group>"; };
		CAEF49C21E441C1C00FFE3BF /* Chat.storyboard */ = {isa = PBXFileReference; fileEncoding = 4; lastKnownFileType = file.storyboard; path = Chat.storyboard; sourceTree = "<group>"; };
		CAEF49C41E441C2D00FFE3BF /* Account.storyboard */ = {isa = PBXFileReference; fileEncoding = 4; lastKnownFileType = file.storyboard; path = Account.storyboard; sourceTree = "<group>"; };
		CAEF49C81E44281F00FFE3BF /* ChatController.swift */ = {isa = PBXFileReference; fileEncoding = 4; lastKnownFileType = sourcecode.swift; path = ChatController.swift; sourceTree = "<group>"; };
		CAEF49CA1E44284800FFE3BF /* ChatViewModel.swift */ = {isa = PBXFileReference; fileEncoding = 4; lastKnownFileType = sourcecode.swift; path = ChatViewModel.swift; sourceTree = "<group>"; };
		CAEF49CC1E44286100FFE3BF /* ChatService.swift */ = {isa = PBXFileReference; fileEncoding = 4; lastKnownFileType = sourcecode.swift; path = ChatService.swift; sourceTree = "<group>"; };
		CAEF49CE1E44374300FFE3BF /* ChatList.swift */ = {isa = PBXFileReference; fileEncoding = 4; lastKnownFileType = sourcecode.swift; path = ChatList.swift; sourceTree = "<group>"; };
		CAEF49D01E44C47C00FFE3BF /* ChatCell.swift */ = {isa = PBXFileReference; fileEncoding = 4; lastKnownFileType = sourcecode.swift; path = ChatCell.swift; sourceTree = "<group>"; };
/* End PBXFileReference section */

/* Begin PBXFrameworksBuildPhase section */
		CABA69721E4398E30085A200 /* Frameworks */ = {
			isa = PBXFrameworksBuildPhase;
			buildActionMask = 2147483647;
			files = (
				CABA69901E439D450085A200 /* Alamofire.framework in Frameworks */,
				CABA69911E439D450085A200 /* Hero.framework in Frameworks */,
				CABA69921E439D450085A200 /* ObjectMapper.framework in Frameworks */,
				CABA69931E439D450085A200 /* RxCocoa.framework in Frameworks */,
				CABA69941E439D450085A200 /* RxSwift.framework in Frameworks */,
			);
			runOnlyForDeploymentPostprocessing = 0;
		};
/* End PBXFrameworksBuildPhase section */

/* Begin PBXGroup section */
		CABA696C1E4398E30085A200 = {
			isa = PBXGroup;
			children = (
				CABA69771E4398E30085A200 /* OraCodeChallenge */,
				CABA69761E4398E30085A200 /* Products */,
				CABA698A1E439D450085A200 /* Frameworks */,
			);
			sourceTree = "<group>";
		};
		CABA69761E4398E30085A200 /* Products */ = {
			isa = PBXGroup;
			children = (
				CABA69751E4398E30085A200 /* OraCodeChallenge.app */,
			);
			name = Products;
			sourceTree = "<group>";
		};
		CABA69771E4398E30085A200 /* OraCodeChallenge */ = {
			isa = PBXGroup;
			children = (
				CAEF49C71E441C6A00FFE3BF /* Chat */,
				CAEF49C61E441C6200FFE3BF /* Account */,
				CAEF49BF1E441A1400FFE3BF /* Home */,
				CAEF49BA1E43E06700FFE3BF /* Session */,
				CAEF49A91E43BFF500FFE3BF /* Signup */,
				CAEF49A71E43BFE900FFE3BF /* Login */,
				CAEF499B1E43ABF700FFE3BF /* Common */,
				CABA69991E43A8860085A200 /* Launch */,
				CABA69781E4398E30085A200 /* AppDelegate.swift */,
				CABA697F1E4398E30085A200 /* Assets.xcassets */,
				CABA69841E4398E30085A200 /* Info.plist */,
			);
			path = OraCodeChallenge;
			sourceTree = "<group>";
		};
		CABA698A1E439D450085A200 /* Frameworks */ = {
			isa = PBXGroup;
			children = (
				CABA698B1E439D450085A200 /* Alamofire.framework */,
				CABA698C1E439D450085A200 /* Hero.framework */,
				CABA698D1E439D450085A200 /* ObjectMapper.framework */,
				CABA698E1E439D450085A200 /* RxCocoa.framework */,
				CABA698F1E439D450085A200 /* RxSwift.framework */,
			);
			name = Frameworks;
			sourceTree = "<group>";
		};
		CABA69991E43A8860085A200 /* Launch */ = {
			isa = PBXGroup;
			children = (
				CABA69811E4398E30085A200 /* LaunchScreen.storyboard */,
				CAEF49991E43A93C00FFE3BF /* Landing.storyboard */,
				CAEF499E1E43B01000FFE3BF /* LaunchController.swift */,
				CAEF49A01E43B1C800FFE3BF /* LandingController.swift */,
			);
			name = Launch;
			sourceTree = "<group>";
		};
		CAEF499B1E43ABF700FFE3BF /* Common */ = {
			isa = PBXGroup;
			children = (
				CAEF499C1E43AC1000FFE3BF /* OraButton.swift */,
				CAEF49B01E43C28700FFE3BF /* OraFormField.swift */,
				CAEF49BD1E44104D00FFE3BF /* LoaderView.swift */,
			);
			name = Common;
			sourceTree = "<group>";
		};
		CAEF49A71E43BFE900FFE3BF /* Login */ = {
			isa = PBXGroup;
			children = (
				CAEF49AC1E43C08100FFE3BF /* Login.storyboard */,
				CAEF49AE1E43C0DA00FFE3BF /* LoginController.swift */,
			);
			name = Login;
			sourceTree = "<group>";
		};
		CAEF49A91E43BFF500FFE3BF /* Signup */ = {
			isa = PBXGroup;
			children = (
				CAEF49AA1E43C01100FFE3BF /* Signup.storyboard */,
				CAEF49A41E43BB7500FFE3BF /* RegisterController.swift */,
				CAEF49B21E43CB1900FFE3BF /* RegisterViewModel.swift */,
				CAEF49B41E43CB2D00FFE3BF /* RegisterService.swift */,
			);
			name = Signup;
			sourceTree = "<group>";
		};
		CAEF49BA1E43E06700FFE3BF /* Session */ = {
			isa = PBXGroup;
			children = (
				CAEF49B61E43DF4500FFE3BF /* Session.swift */,
				CAEF49B81E43E00000FFE3BF /* User.swift */,
				CAEF49BB1E43E45400FFE3BF /* APIBaseResponse.swift */,
			);
			name = Session;
			sourceTree = "<group>";
		};
		CAEF49BF1E441A1400FFE3BF /* Home */ = {
			isa = PBXGroup;
			children = (
				CAEF49C01E441A2300FFE3BF /* Home.storyboard */,
			);
			name = Home;
			sourceTree = "<group>";
		};
		CAEF49C61E441C6200FFE3BF /* Account */ = {
			isa = PBXGroup;
			children = (
				CAEF49C41E441C2D00FFE3BF /* Account.storyboard */,
			);
			name = Account;
			sourceTree = "<group>";
		};
		CAEF49C71E441C6A00FFE3BF /* Chat */ = {
			isa = PBXGroup;
			children = (
				CAEF49C21E441C1C00FFE3BF /* Chat.storyboard */,
				CAEF49C81E44281F00FFE3BF /* ChatController.swift */,
				CAEF49CA1E44284800FFE3BF /* ChatViewModel.swift */,
				CAEF49CE1E44374300FFE3BF /* ChatList.swift */,
				CAEF49CC1E44286100FFE3BF /* ChatService.swift */,
				CAEF49D01E44C47C00FFE3BF /* ChatCell.swift */,
			);
			name = Chat;
			sourceTree = "<group>";
		};
/* End PBXGroup section */

/* Begin PBXNativeTarget section */
		CABA69741E4398E30085A200 /* OraCodeChallenge */ = {
			isa = PBXNativeTarget;
			buildConfigurationList = CABA69871E4398E30085A200 /* Build configuration list for PBXNativeTarget "OraCodeChallenge" */;
			buildPhases = (
				CABA69711E4398E30085A200 /* Sources */,
				CABA69721E4398E30085A200 /* Frameworks */,
				CABA69731E4398E30085A200 /* Resources */,
				CABA69951E439D730085A200 /* ShellScript */,
			);
			buildRules = (
			);
			dependencies = (
			);
			name = OraCodeChallenge;
			productName = OraCodeChallenge;
			productReference = CABA69751E4398E30085A200 /* OraCodeChallenge.app */;
			productType = "com.apple.product-type.application";
		};
/* End PBXNativeTarget section */

/* Begin PBXProject section */
		CABA696D1E4398E30085A200 /* Project object */ = {
			isa = PBXProject;
			attributes = {
				LastSwiftUpdateCheck = 0820;
				LastUpgradeCheck = 0820;
				ORGANIZATIONNAME = "Kevin Gannon";
				TargetAttributes = {
					CABA69741E4398E30085A200 = {
						CreatedOnToolsVersion = 8.2.1;
						DevelopmentTeam = 2EN372ZKEP;
						ProvisioningStyle = Automatic;
					};
				};
			};
			buildConfigurationList = CABA69701E4398E30085A200 /* Build configuration list for PBXProject "OraCodeChallenge" */;
			compatibilityVersion = "Xcode 3.2";
			developmentRegion = English;
			hasScannedForEncodings = 0;
			knownRegions = (
				en,
				Base,
			);
			mainGroup = CABA696C1E4398E30085A200;
			productRefGroup = CABA69761E4398E30085A200 /* Products */;
			projectDirPath = "";
			projectRoot = "";
			targets = (
				CABA69741E4398E30085A200 /* OraCodeChallenge */,
			);
		};
/* End PBXProject section */

/* Begin PBXResourcesBuildPhase section */
		CABA69731E4398E30085A200 /* Resources */ = {
			isa = PBXResourcesBuildPhase;
			buildActionMask = 2147483647;
			files = (
				CAEF49C31E441C1C00FFE3BF /* Chat.storyboard in Resources */,
				CABA69831E4398E30085A200 /* LaunchScreen.storyboard in Resources */,
				CABA69801E4398E30085A200 /* Assets.xcassets in Resources */,
				CAEF49AD1E43C08100FFE3BF /* Login.storyboard in Resources */,
				CAEF49C11E441A2300FFE3BF /* Home.storyboard in Resources */,
				CAEF49AB1E43C01100FFE3BF /* Signup.storyboard in Resources */,
				CAEF49C51E441C2D00FFE3BF /* Account.storyboard in Resources */,
				CAEF499A1E43A93C00FFE3BF /* Landing.storyboard in Resources */,
			);
			runOnlyForDeploymentPostprocessing = 0;
		};
/* End PBXResourcesBuildPhase section */

/* Begin PBXShellScriptBuildPhase section */
		CABA69951E439D730085A200 /* ShellScript */ = {
			isa = PBXShellScriptBuildPhase;
			buildActionMask = 2147483647;
			files = (
			);
			inputPaths = (
				"$(SRCROOT)/Carthage/Build/iOS/RxSwift.framework",
				"$(SRCROOT)/Carthage/Build/iOS/RxCocoa.framework",
				"$(SRCROOT)/Carthage/Build/iOS/Alamofire.framework",
				"$(SRCROOT)/Carthage/Build/iOS/Hero.framework",
				"$(SRCROOT)/Carthage/Build/iOS/ObjectMapper.framework",
			);
			outputPaths = (
			);
			runOnlyForDeploymentPostprocessing = 0;
			shellPath = /bin/sh;
			shellScript = "/usr/local/bin/carthage copy-frameworks";
		};
/* End PBXShellScriptBuildPhase section */

/* Begin PBXSourcesBuildPhase section */
		CABA69711E4398E30085A200 /* Sources */ = {
			isa = PBXSourcesBuildPhase;
			buildActionMask = 2147483647;
			files = (
				CAEF49B71E43DF4500FFE3BF /* Session.swift in Sources */,
				CAEF499F1E43B01000FFE3BF /* LaunchController.swift in Sources */,
				CAEF49AF1E43C0DA00FFE3BF /* LoginController.swift in Sources */,
				CAEF49BE1E44104D00FFE3BF /* LoaderView.swift in Sources */,
				CABA69791E4398E30085A200 /* AppDelegate.swift in Sources */,
				CAEF49BC1E43E45400FFE3BF /* APIBaseResponse.swift in Sources */,
				CAEF49B31E43CB1900FFE3BF /* RegisterViewModel.swift in Sources */,
				CAEF49A51E43BB7500FFE3BF /* RegisterController.swift in Sources */,
				CAEF49A11E43B1C800FFE3BF /* LandingController.swift in Sources */,
				CAEF49C91E44281F00FFE3BF /* ChatController.swift in Sources */,
				CAEF49B51E43CB2D00FFE3BF /* RegisterService.swift in Sources */,
				CAEF49D11E44C47C00FFE3BF /* ChatCell.swift in Sources */,
				CAEF499D1E43AC1000FFE3BF /* OraButton.swift in Sources */,
				CAEF49B11E43C28700FFE3BF /* OraFormField.swift in Sources */,
				CAEF49CD1E44286100FFE3BF /* ChatService.swift in Sources */,
				CAEF49CB1E44284800FFE3BF /* ChatViewModel.swift in Sources */,
				CAEF49B91E43E00000FFE3BF /* User.swift in Sources */,
				CAEF49CF1E44374300FFE3BF /* ChatList.swift in Sources */,
			);
			runOnlyForDeploymentPostprocessing = 0;
		};
/* End PBXSourcesBuildPhase section */

/* Begin PBXVariantGroup section */
		CABA69811E4398E30085A200 /* LaunchScreen.storyboard */ = {
			isa = PBXVariantGroup;
			children = (
				CABA69821E4398E30085A200 /* Base */,
			);
			name = LaunchScreen.storyboard;
			sourceTree = "<group>";
		};
/* End PBXVariantGroup section */

/* Begin XCBuildConfiguration section */
		CABA69851E4398E30085A200 /* Debug */ = {
			isa = XCBuildConfiguration;
			buildSettings = {
				ALWAYS_SEARCH_USER_PATHS = NO;
				CLANG_ANALYZER_NONNULL = YES;
				CLANG_CXX_LANGUAGE_STANDARD = "gnu++0x";
				CLANG_CXX_LIBRARY = "libc++";
				CLANG_ENABLE_MODULES = YES;
				CLANG_ENABLE_OBJC_ARC = YES;
				CLANG_WARN_BOOL_CONVERSION = YES;
				CLANG_WARN_CONSTANT_CONVERSION = YES;
				CLANG_WARN_DIRECT_OBJC_ISA_USAGE = YES_ERROR;
				CLANG_WARN_DOCUMENTATION_COMMENTS = YES;
				CLANG_WARN_EMPTY_BODY = YES;
				CLANG_WARN_ENUM_CONVERSION = YES;
				CLANG_WARN_INFINITE_RECURSION = YES;
				CLANG_WARN_INT_CONVERSION = YES;
				CLANG_WARN_OBJC_ROOT_CLASS = YES_ERROR;
				CLANG_WARN_SUSPICIOUS_MOVE = YES;
				CLANG_WARN_UNREACHABLE_CODE = YES;
				CLANG_WARN__DUPLICATE_METHOD_MATCH = YES;
				"CODE_SIGN_IDENTITY[sdk=iphoneos*]" = "iPhone Developer";
				COPY_PHASE_STRIP = NO;
				DEBUG_INFORMATION_FORMAT = dwarf;
				ENABLE_STRICT_OBJC_MSGSEND = YES;
				ENABLE_TESTABILITY = YES;
				GCC_C_LANGUAGE_STANDARD = gnu99;
				GCC_DYNAMIC_NO_PIC = NO;
				GCC_NO_COMMON_BLOCKS = YES;
				GCC_OPTIMIZATION_LEVEL = 0;
				GCC_PREPROCESSOR_DEFINITIONS = (
					"DEBUG=1",
					"$(inherited)",
				);
				GCC_WARN_64_TO_32_BIT_CONVERSION = YES;
				GCC_WARN_ABOUT_RETURN_TYPE = YES_ERROR;
				GCC_WARN_UNDECLARED_SELECTOR = YES;
				GCC_WARN_UNINITIALIZED_AUTOS = YES_AGGRESSIVE;
				GCC_WARN_UNUSED_FUNCTION = YES;
				GCC_WARN_UNUSED_VARIABLE = YES;
				IPHONEOS_DEPLOYMENT_TARGET = 10.2;
				MTL_ENABLE_DEBUG_INFO = YES;
				ONLY_ACTIVE_ARCH = YES;
				SDKROOT = iphoneos;
				SWIFT_ACTIVE_COMPILATION_CONDITIONS = DEBUG;
				SWIFT_OPTIMIZATION_LEVEL = "-Onone";
			};
			name = Debug;
		};
		CABA69861E4398E30085A200 /* Release */ = {
			isa = XCBuildConfiguration;
			buildSettings = {
				ALWAYS_SEARCH_USER_PATHS = NO;
				CLANG_ANALYZER_NONNULL = YES;
				CLANG_CXX_LANGUAGE_STANDARD = "gnu++0x";
				CLANG_CXX_LIBRARY = "libc++";
				CLANG_ENABLE_MODULES = YES;
				CLANG_ENABLE_OBJC_ARC = YES;
				CLANG_WARN_BOOL_CONVERSION = YES;
				CLANG_WARN_CONSTANT_CONVERSION = YES;
				CLANG_WARN_DIRECT_OBJC_ISA_USAGE = YES_ERROR;
				CLANG_WARN_DOCUMENTATION_COMMENTS = YES;
				CLANG_WARN_EMPTY_BODY = YES;
				CLANG_WARN_ENUM_CONVERSION = YES;
				CLANG_WARN_INFINITE_RECURSION = YES;
				CLANG_WARN_INT_CONVERSION = YES;
				CLANG_WARN_OBJC_ROOT_CLASS = YES_ERROR;
				CLANG_WARN_SUSPICIOUS_MOVE = YES;
				CLANG_WARN_UNREACHABLE_CODE = YES;
				CLANG_WARN__DUPLICATE_METHOD_MATCH = YES;
				"CODE_SIGN_IDENTITY[sdk=iphoneos*]" = "iPhone Developer";
				COPY_PHASE_STRIP = NO;
				DEBUG_INFORMATION_FORMAT = "dwarf-with-dsym";
				ENABLE_NS_ASSERTIONS = NO;
				ENABLE_STRICT_OBJC_MSGSEND = YES;
				GCC_C_LANGUAGE_STANDARD = gnu99;
				GCC_NO_COMMON_BLOCKS = YES;
				GCC_WARN_64_TO_32_BIT_CONVERSION = YES;
				GCC_WARN_ABOUT_RETURN_TYPE = YES_ERROR;
				GCC_WARN_UNDECLARED_SELECTOR = YES;
				GCC_WARN_UNINITIALIZED_AUTOS = YES_AGGRESSIVE;
				GCC_WARN_UNUSED_FUNCTION = YES;
				GCC_WARN_UNUSED_VARIABLE = YES;
				IPHONEOS_DEPLOYMENT_TARGET = 10.2;
				MTL_ENABLE_DEBUG_INFO = NO;
				SDKROOT = iphoneos;
				SWIFT_OPTIMIZATION_LEVEL = "-Owholemodule";
				VALIDATE_PRODUCT = YES;
			};
			name = Release;
		};
		CABA69881E4398E30085A200 /* Debug */ = {
			isa = XCBuildConfiguration;
			buildSettings = {
				ASSETCATALOG_COMPILER_APPICON_NAME = AppIcon;
				DEVELOPMENT_TEAM = 2EN372ZKEP;
				FRAMEWORK_SEARCH_PATHS = (
					"$(inherited)",
					"$(PROJECT_DIR)/Carthage/Build/iOS",
				);
				INFOPLIST_FILE = OraCodeChallenge/Info.plist;
				IPHONEOS_DEPLOYMENT_TARGET = 10.0;
				LD_RUNPATH_SEARCH_PATHS = "$(inherited) @executable_path/Frameworks";
				PRODUCT_BUNDLE_IDENTIFIER = "Kevin-Gannon.OraCodeChallenge";
				PRODUCT_NAME = "$(TARGET_NAME)";
				SWIFT_VERSION = 3.0;
			};
			name = Debug;
		};
		CABA69891E4398E30085A200 /* Release */ = {
			isa = XCBuildConfiguration;
			buildSettings = {
				ASSETCATALOG_COMPILER_APPICON_NAME = AppIcon;
				DEVELOPMENT_TEAM = 2EN372ZKEP;
				FRAMEWORK_SEARCH_PATHS = (
					"$(inherited)",
					"$(PROJECT_DIR)/Carthage/Build/iOS",
				);
				INFOPLIST_FILE = OraCodeChallenge/Info.plist;
				IPHONEOS_DEPLOYMENT_TARGET = 10.0;
				LD_RUNPATH_SEARCH_PATHS = "$(inherited) @executable_path/Frameworks";
				PRODUCT_BUNDLE_IDENTIFIER = "Kevin-Gannon.OraCodeChallenge";
				PRODUCT_NAME = "$(TARGET_NAME)";
				SWIFT_VERSION = 3.0;
			};
			name = Release;
		};
/* End XCBuildConfiguration section */

/* Begin XCConfigurationList section */
		CABA69701E4398E30085A200 /* Build configuration list for PBXProject "OraCodeChallenge" */ = {
			isa = XCConfigurationList;
			buildConfigurations = (
				CABA69851E4398E30085A200 /* Debug */,
				CABA69861E4398E30085A200 /* Release */,
			);
			defaultConfigurationIsVisible = 0;
			defaultConfigurationName = Release;
		};
		CABA69871E4398E30085A200 /* Build configuration list for PBXNativeTarget "OraCodeChallenge" */ = {
			isa = XCConfigurationList;
			buildConfigurations = (
				CABA69881E4398E30085A200 /* Debug */,
				CABA69891E4398E30085A200 /* Release */,
			);
			defaultConfigurationIsVisible = 0;
			defaultConfigurationName = Release;
		};
/* End XCConfigurationList section */
	};
	rootObject = CABA696D1E4398E30085A200 /* Project object */;
}
